// !$*UTF8*$!
{
	archiveVersion = 1;
	classes = {
	};
	objectVersion = 50;
	objects = {

/* Begin PBXBuildFile section */
		013591B6242AAF0F004B3B56 /* AppDelegate.swift in Sources */ = {isa = PBXBuildFile; fileRef = 013591B5242AAF0F004B3B56 /* AppDelegate.swift */; };
		013591B8242AAF0F004B3B56 /* SceneDelegate.swift in Sources */ = {isa = PBXBuildFile; fileRef = 013591B7242AAF0F004B3B56 /* SceneDelegate.swift */; };
		013591BA242AAF0F004B3B56 /* ViewController.swift in Sources */ = {isa = PBXBuildFile; fileRef = 013591B9242AAF0F004B3B56 /* ViewController.swift */; };
		013591BD242AAF0F004B3B56 /* Main.storyboard in Resources */ = {isa = PBXBuildFile; fileRef = 013591BB242AAF0F004B3B56 /* Main.storyboard */; };
		013591BF242AAF11004B3B56 /* Assets.xcassets in Resources */ = {isa = PBXBuildFile; fileRef = 013591BE242AAF11004B3B56 /* Assets.xcassets */; };
		013591C2242AAF11004B3B56 /* LaunchScreen.storyboard in Resources */ = {isa = PBXBuildFile; fileRef = 013591C0242AAF11004B3B56 /* LaunchScreen.storyboard */; };
/* End PBXBuildFile section */

/* Begin PBXFileReference section */
		013591B2242AAF0F004B3B56 /* UIKit Bullseye.app */ = {isa = PBXFileReference; explicitFileType = wrapper.application; includeInIndex = 0; path = "UIKit Bullseye.app"; sourceTree = BUILT_PRODUCTS_DIR; };
		013591B5242AAF0F004B3B56 /* AppDelegate.swift */ = {isa = PBXFileReference; lastKnownFileType = sourcecode.swift; path = AppDelegate.swift; sourceTree = "<group>"; };
		013591B7242AAF0F004B3B56 /* SceneDelegate.swift */ = {isa = PBXFileReference; lastKnownFileType = sourcecode.swift; path = SceneDelegate.swift; sourceTree = "<group>"; };
		013591B9242AAF0F004B3B56 /* ViewController.swift */ = {isa = PBXFileReference; lastKnownFileType = sourcecode.swift; path = ViewController.swift; sourceTree = "<group>"; };
		013591BC242AAF0F004B3B56 /* Base */ = {isa = PBXFileReference; lastKnownFileType = file.storyboard; name = Base; path = Base.lproj/Main.storyboard; sourceTree = "<group>"; };
		013591BE242AAF11004B3B56 /* Assets.xcassets */ = {isa = PBXFileReference; lastKnownFileType = folder.assetcatalog; path = Assets.xcassets; sourceTree = "<group>"; };
		013591C1242AAF11004B3B56 /* Base */ = {isa = PBXFileReference; lastKnownFileType = file.storyboard; name = Base; path = Base.lproj/LaunchScreen.storyboard; sourceTree = "<group>"; };
		013591C3242AAF11004B3B56 /* Info.plist */ = {isa = PBXFileReference; lastKnownFileType = text.plist.xml; path = Info.plist; sourceTree = "<group>"; };
/* End PBXFileReference section */

/* Begin PBXFrameworksBuildPhase section */
		013591AF242AAF0F004B3B56 /* Frameworks */ = {
			isa = PBXFrameworksBuildPhase;
			buildActionMask = 2147483647;
			files = (
			);
			runOnlyForDeploymentPostprocessing = 0;
		};
/* End PBXFrameworksBuildPhase section */

/* Begin PBXGroup section */
		013591A9242AAF0F004B3B56 = {
			isa = PBXGroup;
			children = (
				013591B4242AAF0F004B3B56 /* UIKit Bullseye */,
				013591B3242AAF0F004B3B56 /* Products */,
			);
			sourceTree = "<group>";
		};
		013591B3242AAF0F004B3B56 /* Products */ = {
			isa = PBXGroup;
			children = (
				013591B2242AAF0F004B3B56 /* UIKit Bullseye.app */,
			);
			name = Products;
			sourceTree = "<group>";
		};
		013591B4242AAF0F004B3B56 /* UIKit Bullseye */ = {
			isa = PBXGroup;
			children = (
				013591B5242AAF0F004B3B56 /* AppDelegate.swift */,
				013591B7242AAF0F004B3B56 /* SceneDelegate.swift */,
				013591B9242AAF0F004B3B56 /* ViewController.swift */,
				013591BB242AAF0F004B3B56 /* Main.storyboard */,
				013591BE242AAF11004B3B56 /* Assets.xcassets */,
				013591C0242AAF11004B3B56 /* LaunchScreen.storyboard */,
				013591C3242AAF11004B3B56 /* Info.plist */,
			);
			path = "UIKit Bullseye";
			sourceTree = "<group>";
		};
/* End PBXGroup section */

/* Begin PBXNativeTarget section */
		013591B1242AAF0F004B3B56 /* UIKit Bullseye */ = {
			isa = PBXNativeTarget;
			buildConfigurationList = 013591C6242AAF11004B3B56 /* Build configuration list for PBXNativeTarget "UIKit Bullseye" */;
			buildPhases = (
				013591AE242AAF0F004B3B56 /* Sources */,
				013591AF242AAF0F004B3B56 /* Frameworks */,
				013591B0242AAF0F004B3B56 /* Resources */,
			);
			buildRules = (
			);
			dependencies = (
			);
			name = "UIKit Bullseye";
			productName = "UIKit Bullseye";
			productReference = 013591B2242AAF0F004B3B56 /* UIKit Bullseye.app */;
			productType = "com.apple.product-type.application";
		};
/* End PBXNativeTarget section */

/* Begin PBXProject section */
		013591AA242AAF0F004B3B56 /* Project object */ = {
			isa = PBXProject;
			attributes = {
				LastSwiftUpdateCheck = 1130;
				LastUpgradeCheck = 1130;
				ORGANIZATIONNAME = "Chris Inc.";
				TargetAttributes = {
					013591B1242AAF0F004B3B56 = {
						CreatedOnToolsVersion = 11.3.1;
					};
				};
			};
			buildConfigurationList = 013591AD242AAF0F004B3B56 /* Build configuration list for PBXProject "UIKit Bullseye" */;
			compatibilityVersion = "Xcode 9.3";
			developmentRegion = en;
			hasScannedForEncodings = 0;
			knownRegions = (
				en,
				Base,
			);
			mainGroup = 013591A9242AAF0F004B3B56;
			productRefGroup = 013591B3242AAF0F004B3B56 /* Products */;
			projectDirPath = "";
			projectRoot = "";
			targets = (
				013591B1242AAF0F004B3B56 /* UIKit Bullseye */,
			);
		};
/* End PBXProject section */

/* Begin PBXResourcesBuildPhase section */
		013591B0242AAF0F004B3B56 /* Resources */ = {
			isa = PBXResourcesBuildPhase;
			buildActionMask = 2147483647;
			files = (
				013591C2242AAF11004B3B56 /* LaunchScreen.storyboard in Resources */,
				013591BF242AAF11004B3B56 /* Assets.xcassets in Resources */,
				013591BD242AAF0F004B3B56 /* Main.storyboard in Resources */,
			);
			runOnlyForDeploymentPostprocessing = 0;
		};
/* End PBXResourcesBuildPhase section */

/* Begin PBXSourcesBuildPhase section */
		013591AE242AAF0F004B3B56 /* Sources */ = {
			isa = PBXSourcesBuildPhase;
			buildActionMask = 2147483647;
			files = (
				013591BA242AAF0F004B3B56 /* ViewController.swift in Sources */,
				013591B6242AAF0F004B3B56 /* AppDelegate.swift in Sources */,
				013591B8242AAF0F004B3B56 /* SceneDelegate.swift in Sources */,
			);
			runOnlyForDeploymentPostprocessing = 0;
		};
/* End PBXSourcesBuildPhase section */

/* Begin PBXVariantGroup section */
		013591BB242AAF0F004B3B56 /* Main.storyboard */ = {
			isa = PBXVariantGroup;
			children = (
				013591BC242AAF0F004B3B56 /* Base */,
			);
			name = Main.storyboard;
			sourceTree = "<group>";
		};
		013591C0242AAF11004B3B56 /* LaunchScreen.storyboard */ = {
			isa = PBXVariantGroup;
			children = (
				013591C1242AAF11004B3B56 /* Base */,
			);
			name = LaunchScreen.storyboard;
			sourceTree = "<group>";
		};
/* End PBXVariantGroup section */

/* Begin XCBuildConfiguration section */
		013591C4242AAF11004B3B56 /* Debug */ = {
			isa = XCBuildConfiguration;
			buildSettings = {
				ALWAYS_SEARCH_USER_PATHS = NO;
				CLANG_ANALYZER_NONNULL = YES;
				CLANG_ANALYZER_NUMBER_OBJECT_CONVERSION = YES_AGGRESSIVE;
				CLANG_CXX_LANGUAGE_STANDARD = "gnu++14";
				CLANG_CXX_LIBRARY = "libc++";
				CLANG_ENABLE_MODULES = YES;
				CLANG_ENABLE_OBJC_ARC = YES;
				CLANG_ENABLE_OBJC_WEAK = YES;
				CLANG_WARN_BLOCK_CAPTURE_AUTORELEASING = YES;
				CLANG_WARN_BOOL_CONVERSION = YES;
				CLANG_WARN_COMMA = YES;
				CLANG_WARN_CONSTANT_CONVERSION = YES;
				CLANG_WARN_DEPRECATED_OBJC_IMPLEMENTATIONS = YES;
				CLANG_WARN_DIRECT_OBJC_ISA_USAGE = YES_ERROR;
				CLANG_WARN_DOCUMENTATION_COMMENTS = YES;
				CLANG_WARN_EMPTY_BODY = YES;
				CLANG_WARN_ENUM_CONVERSION = YES;
				CLANG_WARN_INFINITE_RECURSION = YES;
				CLANG_WARN_INT_CONVERSION = YES;
				CLANG_WARN_NON_LITERAL_NULL_CONVERSION = YES;
				CLANG_WARN_OBJC_IMPLICIT_RETAIN_SELF = YES;
				CLANG_WARN_OBJC_LITERAL_CONVERSION = YES;
				CLANG_WARN_OBJC_ROOT_CLASS = YES_ERROR;
				CLANG_WARN_RANGE_LOOP_ANALYSIS = YES;
				CLANG_WARN_STRICT_PROTOTYPES = YES;
				CLANG_WARN_SUSPICIOUS_MOVE = YES;
				CLANG_WARN_UNGUARDED_AVAILABILITY = YES_AGGRESSIVE;
				CLANG_WARN_UNREACHABLE_CODE = YES;
				CLANG_WARN__DUPLICATE_METHOD_MATCH = YES;
				COPY_PHASE_STRIP = NO;
				DEBUG_INFORMATION_FORMAT = dwarf;
				ENABLE_STRICT_OBJC_MSGSEND = YES;
				ENABLE_TESTABILITY = YES;
				GCC_C_LANGUAGE_STANDARD = gnu11;
				GCC_DYNAMIC_NO_PIC = NO;
				GCC_NO_COMMON_BLOCKS = YES;
				GCC_OPTIMIZATION_LEVEL = 0;
				GCC_PREPROCESSOR_DEFINITIONS = (
					"DEBUG=1",
					"$(inherited)",
				);
				GCC_WARN_64_TO_32_BIT_CONVERSION = YES;
				GCC_WARN_ABOUT_RETURN_TYPE = YES_ERROR;
				GCC_WARN_UNDECLARED_SELECTOR = YES;
				GCC_WARN_UNINITIALIZED_AUTOS = YES_AGGRESSIVE;
				GCC_WARN_UNUSED_FUNCTION = YES;
				GCC_WARN_UNUSED_VARIABLE = YES;
				IPHONEOS_DEPLOYMENT_TARGET = 13.2;
				MTL_ENABLE_DEBUG_INFO = INCLUDE_SOURCE;
				MTL_FAST_MATH = YES;
				ONLY_ACTIVE_ARCH = YES;
				SDKROOT = iphoneos;
				SWIFT_ACTIVE_COMPILATION_CONDITIONS = DEBUG;
				SWIFT_OPTIMIZATION_LEVEL = "-Onone";
			};
			name = Debug;
		};
		013591C5242AAF11004B3B56 /* Release */ = {
			isa = XCBuildConfiguration;
			buildSettings = {
				ALWAYS_SEARCH_USER_PATHS = NO;
				CLANG_ANALYZER_NONNULL = YES;
				CLANG_ANALYZER_NUMBER_OBJECT_CONVERSION = YES_AGGRESSIVE;
				CLANG_CXX_LANGUAGE_STANDARD = "gnu++14";
				CLANG_CXX_LIBRARY = "libc++";
				CLANG_ENABLE_MODULES = YES;
				CLANG_ENABLE_OBJC_ARC = YES;
				CLANG_ENABLE_OBJC_WEAK = YES;
				CLANG_WARN_BLOCK_CAPTURE_AUTORELEASING = YES;
				CLANG_WARN_BOOL_CONVERSION = YES;
				CLANG_WARN_COMMA = YES;
				CLANG_WARN_CONSTANT_CONVERSION = YES;
				CLANG_WARN_DEPRECATED_OBJC_IMPLEMENTATIONS = YES;
				CLANG_WARN_DIRECT_OBJC_ISA_USAGE = YES_ERROR;
				CLANG_WARN_DOCUMENTATION_COMMENTS = YES;
				CLANG_WARN_EMPTY_BODY = YES;
				CLANG_WARN_ENUM_CONVERSION = YES;
				CLANG_WARN_INFINITE_RECURSION = YES;
				CLANG_WARN_INT_CONVERSION = YES;
				CLANG_WARN_NON_LITERAL_NULL_CONVERSION = YES;
				CLANG_WARN_OBJC_IMPLICIT_RETAIN_SELF = YES;
				CLANG_WARN_OBJC_LITERAL_CONVERSION = YES;
				CLANG_WARN_OBJC_ROOT_CLASS = YES_ERROR;
				CLANG_WARN_RANGE_LOOP_ANALYSIS = YES;
				CLANG_WARN_STRICT_PROTOTYPES = YES;
				CLANG_WARN_SUSPICIOUS_MOVE = YES;
				CLANG_WARN_UNGUARDED_AVAILABILITY = YES_AGGRESSIVE;
				CLANG_WARN_UNREACHABLE_CODE = YES;
				CLANG_WARN__DUPLICATE_METHOD_MATCH = YES;
				COPY_PHASE_STRIP = NO;
				DEBUG_INFORMATION_FORMAT = "dwarf-with-dsym";
				ENABLE_NS_ASSERTIONS = NO;
				ENABLE_STRICT_OBJC_MSGSEND = YES;
				GCC_C_LANGUAGE_STANDARD = gnu11;
				GCC_NO_COMMON_BLOCKS = YES;
				GCC_WARN_64_TO_32_BIT_CONVERSION = YES;
				GCC_WARN_ABOUT_RETURN_TYPE = YES_ERROR;
				GCC_WARN_UNDECLARED_SELECTOR = YES;
				GCC_WARN_UNINITIALIZED_AUTOS = YES_AGGRESSIVE;
				GCC_WARN_UNUSED_FUNCTION = YES;
				GCC_WARN_UNUSED_VARIABLE = YES;
				IPHONEOS_DEPLOYMENT_TARGET = 13.2;
				MTL_ENABLE_DEBUG_INFO = NO;
				MTL_FAST_MATH = YES;
				SDKROOT = iphoneos;
				SWIFT_COMPILATION_MODE = wholemodule;
				SWIFT_OPTIMIZATION_LEVEL = "-O";
				VALIDATE_PRODUCT = YES;
			};
			name = Release;
		};
		013591C7242AAF11004B3B56 /* Debug */ = {
			isa = XCBuildConfiguration;
			buildSettings = {
				ASSETCATALOG_COMPILER_APPICON_NAME = AppIcon;
				CODE_SIGN_STYLE = Automatic;
				DEVELOPMENT_TEAM = 7238D8USG6;
				INFOPLIST_FILE = "UIKit Bullseye/Info.plist";
				LD_RUNPATH_SEARCH_PATHS = (
					"$(inherited)",
					"@executable_path/Frameworks",
				);
				PRODUCT_BUNDLE_IDENTIFIER = "com.ChrisInc.UIKit-Bullseye";
				PRODUCT_NAME = "$(TARGET_NAME)";
				SWIFT_VERSION = 5.0;
				TARGETED_DEVICE_FAMILY = "1,2";
			};
			name = Debug;
		};
		013591C8242AAF11004B3B56 /* Release */ = {
			isa = XCBuildConfiguration;
			buildSettings = {
				ASSETCATALOG_COMPILER_APPICON_NAME = AppIcon;
				CODE_SIGN_STYLE = Automatic;
				DEVELOPMENT_TEAM = 7238D8USG6;
				INFOPLIST_FILE = "UIKit Bullseye/Info.plist";
				LD_RUNPATH_SEARCH_PATHS = (
					"$(inherited)",
					"@executable_path/Frameworks",
				);
				PRODUCT_BUNDLE_IDENTIFIER = "com.ChrisInc.UIKit-Bullseye";
				PRODUCT_NAME = "$(TARGET_NAME)";
				SWIFT_VERSION = 5.0;
				TARGETED_DEVICE_FAMILY = "1,2";
			};
			name = Release;
		};
/* End XCBuildConfiguration section */

/* Begin XCConfigurationList section */
		013591AD242AAF0F004B3B56 /* Build configuration list for PBXProject "UIKit Bullseye" */ = {
			isa = XCConfigurationList;
			buildConfigurations = (
				013591C4242AAF11004B3B56 /* Debug */,
				013591C5242AAF11004B3B56 /* Release */,
			);
			defaultConfigurationIsVisible = 0;
			defaultConfigurationName = Release;
		};
		013591C6242AAF11004B3B56 /* Build configuration list for PBXNativeTarget "UIKit Bullseye" */ = {
			isa = XCConfigurationList;
			buildConfigurations = (
				013591C7242AAF11004B3B56 /* Debug */,
				013591C8242AAF11004B3B56 /* Release */,
			);
			defaultConfigurationIsVisible = 0;
			defaultConfigurationName = Release;
		};
/* End XCConfigurationList section */
	};
	rootObject = 013591AA242AAF0F004B3B56 /* Project object */;
}
